{
  "name": "vue-todo",
  "version": "0.1.0",
  "lockfileVersion": 1,
  "requires": true,
  "dependencies": {
    "vuex-class": {
      "version": "0.3.1",
      "resolved": "https://registry.npmjs.org/vuex-class/-/vuex-class-0.3.1.tgz",
      "integrity": "sha512-d7Hc+ItQx6p9E/2mEWiyrvyEuo7Uj0mq4VNImd7dmxTelnkhOavKPMEG1Xdypug2RlPEYv0920IOa3hdVZ+4AA=="
    }
  }
}
